# THIS IS AN AUTOGENERATED FILE. DO NOT EDIT THIS FILE DIRECTLY.
# yarn lockfile v1


turbo-darwin-64@1.5.1:
  version "1.5.1"
  resolved "https://registry.yarnpkg.com/turbo-darwin-64/-/turbo-darwin-64-1.5.1.tgz#33438bd141d4cd8c331eefd72a595c0fae2167fc"
  integrity sha512-63vbObfUOR26UNjwCEKLxrWiJFJE0XNSFNt2/CFF0nhx0I9RqNf21KCZk2FwcbHLSM/ca0Yqr/nJV9Wu+yo1Tg==

turbo-darwin-arm64@1.5.1:
  version "1.5.1"
  resolved "https://registry.yarnpkg.com/turbo-darwin-arm64/-/turbo-darwin-arm64-1.5.1.tgz#54a8ba3ec55316f2d6434ba31ed8d7dabfd30337"
  integrity sha512-VVrJdOvAXw17qKFdC5PlsoJ6Jupp5yCGUN+OJVWG/BvDVdcWJw3n0m3jpcvZ0JVKhGnjW4pRJudKLD1vR879Ng==

turbo-linux-64@1.5.1:
  version "1.5.1"
  resolved "https://registry.yarnpkg.com/turbo-linux-64/-/turbo-linux-64-1.5.1.tgz#9c63aa521d1a3af20386756f189f86e074533d85"
  integrity sha512-0PKkribBtjcuOllSbpA9rtLbyLdCJSAXO6G2TpZye6HUj/zRMeTVh3hpGwJJLsiaN/wCbF1g8uLtcrbEU0CcOw==

turbo-linux-arm64@1.5.1:
  version "1.5.1"
  resolved "https://registry.yarnpkg.com/turbo-linux-arm64/-/turbo-linux-arm64-1.5.1.tgz#42314931f36d7e2d4d2265013ebad8902eeb9600"
  integrity sha512-EzGwaNs1cHLlyYKNzJ1X2yvBE8ulFlVymW8lmllEwgXU801XlA8OEv8gfZOhtugvNr0F9eK3x0c30tGL/wco1w==

turbo-windows-64@1.5.1:
  version "1.5.1"
  resolved "https://registry.yarnpkg.com/turbo-windows-64/-/turbo-windows-64-1.5.1.tgz#a6279fd6311b559480a3a9671d973f9213d880a9"
  integrity sha512-XX/0SB3cSpSGg33z4t0H3O0McHkqu5iIxmSZwqrrCG4h65ZUTVzr4AHG4cKF/vYYs4RRaPj9LaByveoh+AcZkA==

turbo-windows-arm64@1.5.1:
  version "1.5.1"
  resolved "https://registry.yarnpkg.com/turbo-windows-arm64/-/turbo-windows-arm64-1.5.1.tgz#a327d265619435d63c79a66519f345a33ea5614d"
  integrity sha512-dKGKvCHiooCRv3liETY67XA5skrOYhjt1scEeVQ1dMRfb2ePq2NypldPRrVF/ykMoTPrVHul7N5+SJa/NoGXvQ==

turbo@^1.5.1:
  version "1.5.1"
  resolved "https://registry.yarnpkg.com/turbo/-/turbo-1.5.1.tgz#92a886d07de9d259e1b0cf6441ed88f0d6227025"
  integrity sha512-AM6t4BBFt6ek96bRDr/UqF+zxlYjagPc29P4q/5phMKOH8SRNEb43MXjM2to8NwRhiaoPqNyct0gwgGM2rSRvA==
  optionalDependencies:
    turbo-darwin-64 "1.5.1"
    turbo-darwin-arm64 "1.5.1"
    turbo-linux-64 "1.5.1"
    turbo-linux-arm64 "1.5.1"
    turbo-windows-64 "1.5.1"
    turbo-windows-arm64 "1.5.1"
